
Microsoft Visual Studio Solution File, Format Version 12.00
# Visual Studio Version 16
VisualStudioVersion = 16.0.30804.86
MinimumVisualStudioVersion = 10.0.40219.1
Project("{FAE04EC0-301F-11D3-BF4B-00C04F79EFBC}") = "Aluguel_Exercicio", "Aluguel_Exercicio\Aluguel_Exercicio.csproj", "{EFF55E3C-DF56-4208-A34F-D8E50ED6CCD7}"
EndProject
Global
	GlobalSection(SolutionConfigurationPlatforms) = preSolution
		Debug|Any CPU = Debug|Any CPU
		Release|Any CPU = Release|Any CPU
	EndGlobalSection
	GlobalSection(ProjectConfigurationPlatforms) = postSolution
		{EFF55E3C-DF56-4208-A34F-D8E50ED6CCD7}.Debug|Any CPU.ActiveCfg = Debug|Any CPU
		{EFF55E3C-DF56-4208-A34F-D8E50ED6CCD7}.Debug|Any CPU.Build.0 = Debug|Any CPU
		{EFF55E3C-DF56-4208-A34F-D8E50ED6CCD7}.Release|Any CPU.ActiveCfg = Release|Any CPU
		{EFF55E3C-DF56-4208-A34F-D8E50ED6CCD7}.Release|Any CPU.Build.0 = Release|Any CPU
	EndGlobalSection
	GlobalSection(SolutionProperties) = preSolution
		HideSolutionNode = FALSE
	EndGlobalSection
	GlobalSection(ExtensibilityGlobals) = postSolution
		SolutionGuid = {81382681-2607-4750-B9B0-55CA63FD0E57}
	EndGlobalSection
EndGlobal
