
Microsoft Visual Studio Solution File, Format Version 12.00
# Visual Studio Version 16
VisualStudioVersion = 16.0.30804.86
MinimumVisualStudioVersion = 10.0.40219.1
Project("{FAE04EC0-301F-11D3-BF4B-00C04F79EFBC}") = "Funcionario_Aumento", "Funcionario_Aumento\Funcionario_Aumento.csproj", "{B70562B6-196D-43EC-8E00-F65B9245420B}"
EndProject
Global
	GlobalSection(SolutionConfigurationPlatforms) = preSolution
		Debug|Any CPU = Debug|Any CPU
		Release|Any CPU = Release|Any CPU
	EndGlobalSection
	GlobalSection(ProjectConfigurationPlatforms) = postSolution
		{B70562B6-196D-43EC-8E00-F65B9245420B}.Debug|Any CPU.ActiveCfg = Debug|Any CPU
		{B70562B6-196D-43EC-8E00-F65B9245420B}.Debug|Any CPU.Build.0 = Debug|Any CPU
		{B70562B6-196D-43EC-8E00-F65B9245420B}.Release|Any CPU.ActiveCfg = Release|Any CPU
		{B70562B6-196D-43EC-8E00-F65B9245420B}.Release|Any CPU.Build.0 = Release|Any CPU
	EndGlobalSection
	GlobalSection(SolutionProperties) = preSolution
		HideSolutionNode = FALSE
	EndGlobalSection
	GlobalSection(ExtensibilityGlobals) = postSolution
		SolutionGuid = {CC2EA058-C879-4B20-8561-09D734DE1F76}
	EndGlobalSection
EndGlobal
